<Solution>
  <Folder Name="/src/">
    <Project Path="src/Modbot.AI/Modbot.AI.csproj" />
    <Project Path="src/Modbot.Analytics/Modbot.Analytics.csproj" />
    <Project Path="src/Modbot.Api/Modbot.Api.csproj" />
    <Project Path="src/Modbot.Client/Modbot.Client.csproj" />
    <Project Path="src/Modbot.Client.App/Modbot.Client.App.csproj" />
    <Project Path="src/Modbot.Cloud/Modbot.Cloud.csproj" />
    <Project Path="src/Modbot.Core/Modbot.Core.csproj" />
    <Project Path="src/Modbot.Demo/Modbot.Demo.csproj" />
    <Project Path="src/Modbot.Discord/Modbot.Discord.csproj" />
    <Project Path="src/Modbot.Evidence/Modbot.Evidence.csproj" />
    <Project Path="src/Modbot.Server/Modbot.Server.csproj" />
    <Project Path="src/Modbot.Landing/Modbot.Landing.csproj" />
    <Project Path="src/Modbot.My/Modbot.My.csproj" />
    <Project Path="src/Modbot.Overlay/Modbot.Overlay.csproj" />
    <Project Path="src/Modbot.Shared/Modbot.Shared.csproj" />
    <Project Path="src/Modbot.VRChat/Modbot.VRChat.csproj" />
  </Folder>
  <Folder Name="/tests/">
    <Project Path="tests/Modbot.AI.Tests/Modbot.AI.Tests.csproj" />
    <Project Path="tests/Modbot.Analytics.Tests/Modbot.Analytics.Tests.csproj" />
    <Project Path="tests/Modbot.Api.Tests/Modbot.Api.Tests.csproj" />
    <Project Path="tests/Modbot.Client.Tests/Modbot.Client.Tests.csproj" />
    <Project Path="tests/Modbot.Cloud.Tests/Modbot.Cloud.Tests.csproj" />
    <Project Path="tests/Modbot.Core.Tests/Modbot.Core.Tests.csproj" />
    <Project Path="tests/Modbot.Demo.Tests/Modbot.Demo.Tests.csproj" />
    <Project Path="tests/Modbot.Discord.Tests/Modbot.Discord.Tests.csproj" />
    <Project Path="tests/Modbot.Overlay.Tests/Modbot.Overlay.Tests.csproj" />
    <Project Path="tests/Modbot.Evidence.Tests/Modbot.Evidence.Tests.csproj" />
    <Project Path="tests/Modbot.Landing.Tests/Modbot.Landing.Tests.csproj" />
    <Project Path="tests/Modbot.My.Tests/Modbot.My.Tests.csproj" />
    <Project Path="tests/Modbot.TestSupport/Modbot.TestSupport.csproj" />
    <Project Path="tests/Modbot.VRChat.Tests/Modbot.VRChat.Tests.csproj" />
  </Folder>
</Solution>
