<Solution>
  <Folder Name="/src/">
    <Project Path="src/Modbot.Analytics/Modbot.Analytics.csproj" />
    <Project Path="src/Modbot.Api/Modbot.Api.csproj" />
    <Project Path="src/Modbot.Core/Modbot.Core.csproj" />
    <Project Path="src/Modbot.Discord/Modbot.Discord.csproj" />
    <Project Path="src/Modbot.Host/Modbot.Host.csproj" />
    <Project Path="src/Modbot.My/Modbot.My.csproj" />
    <Project Path="src/Modbot.VRChat/Modbot.VRChat.csproj" />
  </Folder>
  <Folder Name="/tests/">
    <Project Path="tests/Modbot.Analytics.Tests/Modbot.Analytics.Tests.csproj" />
    <Project Path="tests/Modbot.Api.Tests/Modbot.Api.Tests.csproj" />
    <Project Path="tests/Modbot.Core.Tests/Modbot.Core.Tests.csproj" />
    <Project Path="tests/Modbot.TestSupport/Modbot.TestSupport.csproj" />
    <Project Path="tests/Modbot.VRChat.Tests/Modbot.VRChat.Tests.csproj" />
  </Folder>
</Solution>
